{
    "_readme": [
        "This file locks the dependencies of your project to a known state",
        "Read more about it at https://getcomposer.org/doc/01-basic-usage.md#installing-dependencies",
        "This file is @generated automatically"
    ],
    "content-hash": "2c375b7c86bda5a9ac132fba71829b63",
    "packages": [
        {
            "name": "r567tw/focus",
            "version": "v0.0.4",
            "source": {
                "type": "git",
                "url": "https://github.com/r567tw/focus.git",
                "reference": "5ffd8e23dd7cd99ec531697eefde4e9eb8c62d39"
            },
            "dist": {
                "type": "zip",
                "url": "https://api.github.com/repos/r567tw/focus/zipball/5ffd8e23dd7cd99ec531697eefde4e9eb8c62d39",
                "reference": "5ffd8e23dd7cd99ec531697eefde4e9eb8c62d39",
                "shasum": ""
            },
            "require": {
                "php": "^8.1"
            },
            "require-dev": {
                "phpunit/phpunit": "^9.5"
            },
            "type": "library",
            "autoload": {
                "files": [
                    "src/helpers/helper.php"
                ],
                "psr-4": {
                    "r567tw\\focus\\": "./src"
                }
            },
            "notification-url": "https://packagist.org/downloads/",
            "license": [
                "MIT"
            ],
            "authors": [
                {
                    "name": "r567tw",
                    "email": "r567tw@gmail.com"
                }
            ],
            "description": "the smallest php framework api only / for custom",
            "support": {
                "issues": "https://github.com/r567tw/focus/issues",
                "source": "https://github.com/r567tw/focus/tree/v0.0.4"
            },
            "time": "2023-01-03T10:22:44+00:00"
        }
    ],
    "packages-dev": [],
    "aliases": [],
    "minimum-stability": "stable",
    "stability-flags": [],
    "prefer-stable": false,
    "prefer-lowest": false,
    "platform": [],
    "platform-dev": [],
    "plugin-api-version": "2.3.0"
}
